
Microsoft Visual Studio Solution File, Format Version 12.00
# Visual Studio Version 16
VisualStudioVersion = 16.0.29519.181
MinimumVisualStudioVersion = 10.0.40219.1
Project("{9A19103F-16F7-4668-BE54-9A1E7A4F7556}") = "DeviceClient", "DeviceClient.csproj", "{016CCE06-2C5B-471A-B43D-C1A9B96635F4}"
EndProject
Global
	GlobalSection(SolutionConfigurationPlatforms) = preSolution
		Debug|Any CPU = Debug|Any CPU
		Release|Any CPU = Release|Any CPU
	EndGlobalSection
	GlobalSection(ProjectConfigurationPlatforms) = postSolution
		{016CCE06-2C5B-471A-B43D-C1A9B96635F4}.Debug|Any CPU.ActiveCfg = Debug|Any CPU
		{016CCE06-2C5B-471A-B43D-C1A9B96635F4}.Debug|Any CPU.Build.0 = Debug|Any CPU
		{016CCE06-2C5B-471A-B43D-C1A9B96635F4}.Release|Any CPU.ActiveCfg = Release|Any CPU
		{016CCE06-2C5B-471A-B43D-C1A9B96635F4}.Release|Any CPU.Build.0 = Release|Any CPU
	EndGlobalSection
	GlobalSection(SolutionProperties) = preSolution
		HideSolutionNode = FALSE
	EndGlobalSection
	GlobalSection(ExtensibilityGlobals) = postSolution
		SolutionGuid = {B1FC8B46-1379-44D7-AE37-50C4FF004CA1}
	EndGlobalSection
EndGlobal
